
Microsoft Visual Studio Solution File, Format Version 12.00
# Visual Studio Version 17
VisualStudioVersion = 17.0.32112.339
MinimumVisualStudioVersion = 10.0.40219.1
Project("{FAE04EC0-301F-11D3-BF4B-00C04F79EFBC}") = "crm", "crm\crm.csproj", "{098F37C0-3750-4536-8FB2-CF56CFF4F294}"
EndProject
Global
	GlobalSection(SolutionConfigurationPlatforms) = preSolution
		Debug|Any CPU = Debug|Any CPU
		Release|Any CPU = Release|Any CPU
	EndGlobalSection
	GlobalSection(ProjectConfigurationPlatforms) = postSolution
		{098F37C0-3750-4536-8FB2-CF56CFF4F294}.Debug|Any CPU.ActiveCfg = Debug|Any CPU
		{098F37C0-3750-4536-8FB2-CF56CFF4F294}.Debug|Any CPU.Build.0 = Debug|Any CPU
		{098F37C0-3750-4536-8FB2-CF56CFF4F294}.Release|Any CPU.ActiveCfg = Release|Any CPU
		{098F37C0-3750-4536-8FB2-CF56CFF4F294}.Release|Any CPU.Build.0 = Release|Any CPU
	EndGlobalSection
	GlobalSection(SolutionProperties) = preSolution
		HideSolutionNode = FALSE
	EndGlobalSection
	GlobalSection(ExtensibilityGlobals) = postSolution
		SolutionGuid = {B934F3CC-DEEC-48C5-ADD4-AD5E36C73C14}
	EndGlobalSection
EndGlobal
